
Microsoft Visual Studio Solution File, Format Version 12.00
# Visual Studio Version 17
VisualStudioVersion = 17.3.32901.215
MinimumVisualStudioVersion = 10.0.40219.1
Project("{2150E333-8FDC-42A3-9474-1A3956D46DE8}") = "Core", "Core", "{657A5C19-64B5-46C5-BCD3-28092B3BCFFA}"
EndProject
Project("{2150E333-8FDC-42A3-9474-1A3956D46DE8}") = "Infrastructure", "Infrastructure", "{789D1EC3-774B-41BA-82ED-1A0E06A316CE}"
EndProject
Project("{2150E333-8FDC-42A3-9474-1A3956D46DE8}") = "Presentation", "Presentation", "{9E4EB7E5-C672-43BB-B92A-69CBBF9426ED}"
EndProject
Project("{FAE04EC0-301F-11D3-BF4B-00C04F79EFBC}") = "ECommerceApp.Application", "Core\ECommerceApp.Application\ECommerceApp.Application.csproj", "{0216955E-7EC9-4F9E-BBC3-058ECF21B14F}"
EndProject
Project("{FAE04EC0-301F-11D3-BF4B-00C04F79EFBC}") = "EcommerceApp.Persistence", "Infrastructure\EcommerceApp.Persistence\EcommerceApp.Persistence.csproj", "{6BE4BC98-735B-43CB-B3AC-8E683B15979E}"
EndProject
Project("{FAE04EC0-301F-11D3-BF4B-00C04F79EFBC}") = "EcommerceApp.Domain", "Core\EcommerceApp.Domain\EcommerceApp.Domain.csproj", "{C31DF280-470F-4A3C-B6F6-726C21714565}"
EndProject
Project("{FAE04EC0-301F-11D3-BF4B-00C04F79EFBC}") = "EcommerceApp.WebAPI", "Presentation\EcommerceApp.WebAPI\EcommerceApp.WebAPI.csproj", "{1B948F45-05FA-4ED8-AF50-CA7DCBCFA336}"
EndProject
Global
	GlobalSection(SolutionConfigurationPlatforms) = preSolution
		Debug|Any CPU = Debug|Any CPU
		Release|Any CPU = Release|Any CPU
	EndGlobalSection
	GlobalSection(ProjectConfigurationPlatforms) = postSolution
		{0216955E-7EC9-4F9E-BBC3-058ECF21B14F}.Debug|Any CPU.ActiveCfg = Debug|Any CPU
		{0216955E-7EC9-4F9E-BBC3-058ECF21B14F}.Debug|Any CPU.Build.0 = Debug|Any CPU
		{0216955E-7EC9-4F9E-BBC3-058ECF21B14F}.Release|Any CPU.ActiveCfg = Release|Any CPU
		{0216955E-7EC9-4F9E-BBC3-058ECF21B14F}.Release|Any CPU.Build.0 = Release|Any CPU
		{6BE4BC98-735B-43CB-B3AC-8E683B15979E}.Debug|Any CPU.ActiveCfg = Debug|Any CPU
		{6BE4BC98-735B-43CB-B3AC-8E683B15979E}.Debug|Any CPU.Build.0 = Debug|Any CPU
		{6BE4BC98-735B-43CB-B3AC-8E683B15979E}.Release|Any CPU.ActiveCfg = Release|Any CPU
		{6BE4BC98-735B-43CB-B3AC-8E683B15979E}.Release|Any CPU.Build.0 = Release|Any CPU
		{C31DF280-470F-4A3C-B6F6-726C21714565}.Debug|Any CPU.ActiveCfg = Debug|Any CPU
		{C31DF280-470F-4A3C-B6F6-726C21714565}.Debug|Any CPU.Build.0 = Debug|Any CPU
		{C31DF280-470F-4A3C-B6F6-726C21714565}.Release|Any CPU.ActiveCfg = Release|Any CPU
		{C31DF280-470F-4A3C-B6F6-726C21714565}.Release|Any CPU.Build.0 = Release|Any CPU
		{1B948F45-05FA-4ED8-AF50-CA7DCBCFA336}.Debug|Any CPU.ActiveCfg = Debug|Any CPU
		{1B948F45-05FA-4ED8-AF50-CA7DCBCFA336}.Debug|Any CPU.Build.0 = Debug|Any CPU
		{1B948F45-05FA-4ED8-AF50-CA7DCBCFA336}.Release|Any CPU.ActiveCfg = Release|Any CPU
		{1B948F45-05FA-4ED8-AF50-CA7DCBCFA336}.Release|Any CPU.Build.0 = Release|Any CPU
	EndGlobalSection
	GlobalSection(SolutionProperties) = preSolution
		HideSolutionNode = FALSE
	EndGlobalSection
	GlobalSection(NestedProjects) = preSolution
		{0216955E-7EC9-4F9E-BBC3-058ECF21B14F} = {657A5C19-64B5-46C5-BCD3-28092B3BCFFA}
		{6BE4BC98-735B-43CB-B3AC-8E683B15979E} = {789D1EC3-774B-41BA-82ED-1A0E06A316CE}
		{C31DF280-470F-4A3C-B6F6-726C21714565} = {657A5C19-64B5-46C5-BCD3-28092B3BCFFA}
		{1B948F45-05FA-4ED8-AF50-CA7DCBCFA336} = {9E4EB7E5-C672-43BB-B92A-69CBBF9426ED}
	EndGlobalSection
	GlobalSection(ExtensibilityGlobals) = postSolution
		SolutionGuid = {96F784A2-58DF-4345-8B78-4A81802D3593}
	EndGlobalSection
EndGlobal
